
Microsoft Visual Studio Solution File, Format Version 12.00
# Visual Studio 2015
Project("{FAE04EC0-301F-11D3-BF4B-00C04F79EFBC}") = "MathLibraryForUnity", "MathLibraryForUnity.csproj", "{966E76AE-1AE4-2663-2A82-A7BA29AF4466}"
EndProject
Project("{FAE04EC0-301F-11D3-BF4B-00C04F79EFBC}") = "MathLibraryForUnity.Editor", "MathLibraryForUnity.Editor.csproj", "{A9FA4127-A44C-3D4B-776B-600AF39CCCFC}"
EndProject
Global
	GlobalSection(SolutionConfigurationPlatforms) = preSolution
		Debug|Any CPU = Debug|Any CPU
		Release|Any CPU = Release|Any CPU
	EndGlobalSection
	GlobalSection(ProjectConfigurationPlatforms) = postSolution
		{966E76AE-1AE4-2663-2A82-A7BA29AF4466}.Debug|Any CPU.ActiveCfg = Debug|Any CPU
		{966E76AE-1AE4-2663-2A82-A7BA29AF4466}.Debug|Any CPU.Build.0 = Debug|Any CPU
		{966E76AE-1AE4-2663-2A82-A7BA29AF4466}.Release|Any CPU.ActiveCfg = Release|Any CPU
		{966E76AE-1AE4-2663-2A82-A7BA29AF4466}.Release|Any CPU.Build.0 = Release|Any CPU
		{A9FA4127-A44C-3D4B-776B-600AF39CCCFC}.Debug|Any CPU.ActiveCfg = Debug|Any CPU
		{A9FA4127-A44C-3D4B-776B-600AF39CCCFC}.Debug|Any CPU.Build.0 = Debug|Any CPU
		{A9FA4127-A44C-3D4B-776B-600AF39CCCFC}.Release|Any CPU.ActiveCfg = Release|Any CPU
		{A9FA4127-A44C-3D4B-776B-600AF39CCCFC}.Release|Any CPU.Build.0 = Release|Any CPU
	EndGlobalSection
	GlobalSection(SolutionProperties) = preSolution
		HideSolutionNode = FALSE
	EndGlobalSection
EndGlobal
